// !$*UTF8*$!
{
	archiveVersion = 1;
	classes = {
	};
	objectVersion = 46;
	objects = {

/* Begin PBXBuildFile section */
		631FFDF51AF3353000B5A903 /* AppDelegate.swift in Sources */ = {isa = PBXBuildFile; fileRef = 631FFDF41AF3353000B5A903 /* AppDelegate.swift */; };
		631FFDF71AF3353000B5A903 /* ViewController.swift in Sources */ = {isa = PBXBuildFile; fileRef = 631FFDF61AF3353000B5A903 /* ViewController.swift */; };
		631FFDFA1AF3353000B5A903 /* Main.storyboard in Resources */ = {isa = PBXBuildFile; fileRef = 631FFDF81AF3353000B5A903 /* Main.storyboard */; };
		631FFDFC1AF3353000B5A903 /* Images.xcassets in Resources */ = {isa = PBXBuildFile; fileRef = 631FFDFB1AF3353000B5A903 /* Images.xcassets */; };
		631FFDFF1AF3353000B5A903 /* LaunchScreen.xib in Resources */ = {isa = PBXBuildFile; fileRef = 631FFDFD1AF3353000B5A903 /* LaunchScreen.xib */; };
		631FFE0B1AF3353000B5A903 /* ColorgySideMenuTests.swift in Sources */ = {isa = PBXBuildFile; fileRef = 631FFE0A1AF3353000B5A903 /* ColorgySideMenuTests.swift */; };
/* End PBXBuildFile section */

/* Begin PBXContainerItemProxy section */
		631FFE051AF3353000B5A903 /* PBXContainerItemProxy */ = {
			isa = PBXContainerItemProxy;
			containerPortal = 631FFDE71AF3353000B5A903 /* Project object */;
			proxyType = 1;
			remoteGlobalIDString = 631FFDEE1AF3353000B5A903;
			remoteInfo = ColorgySideMenu;
		};
/* End PBXContainerItemProxy section */

/* Begin PBXFileReference section */
		631FFDEF1AF3353000B5A903 /* ColorgySideMenu.app */ = {isa = PBXFileReference; explicitFileType = wrapper.application; includeInIndex = 0; path = ColorgySideMenu.app; sourceTree = BUILT_PRODUCTS_DIR; };
		631FFDF31AF3353000B5A903 /* Info.plist */ = {isa = PBXFileReference; lastKnownFileType = text.plist.xml; path = Info.plist; sourceTree = "<group>"; };
		631FFDF41AF3353000B5A903 /* AppDelegate.swift */ = {isa = PBXFileReference; lastKnownFileType = sourcecode.swift; path = AppDelegate.swift; sourceTree = "<group>"; };
		631FFDF61AF3353000B5A903 /* ViewController.swift */ = {isa = PBXFileReference; lastKnownFileType = sourcecode.swift; path = ViewController.swift; sourceTree = "<group>"; };
		631FFDF91AF3353000B5A903 /* Base */ = {isa = PBXFileReference; lastKnownFileType = file.storyboard; name = Base; path = Base.lproj/Main.storyboard; sourceTree = "<group>"; };
		631FFDFB1AF3353000B5A903 /* Images.xcassets */ = {isa = PBXFileReference; lastKnownFileType = folder.assetcatalog; path = Images.xcassets; sourceTree = "<group>"; };
		631FFDFE1AF3353000B5A903 /* Base */ = {isa = PBXFileReference; lastKnownFileType = file.xib; name = Base; path = Base.lproj/LaunchScreen.xib; sourceTree = "<group>"; };
		631FFE041AF3353000B5A903 /* ColorgySideMenuTests.xctest */ = {isa = PBXFileReference; explicitFileType = wrapper.cfbundle; includeInIndex = 0; path = ColorgySideMenuTests.xctest; sourceTree = BUILT_PRODUCTS_DIR; };
		631FFE091AF3353000B5A903 /* Info.plist */ = {isa = PBXFileReference; lastKnownFileType = text.plist.xml; path = Info.plist; sourceTree = "<group>"; };
		631FFE0A1AF3353000B5A903 /* ColorgySideMenuTests.swift */ = {isa = PBXFileReference; lastKnownFileType = sourcecode.swift; path = ColorgySideMenuTests.swift; sourceTree = "<group>"; };
/* End PBXFileReference section */

/* Begin PBXFrameworksBuildPhase section */
		631FFDEC1AF3353000B5A903 /* Frameworks */ = {
			isa = PBXFrameworksBuildPhase;
			buildActionMask = 2147483647;
			files = (
			);
			runOnlyForDeploymentPostprocessing = 0;
		};
		631FFE011AF3353000B5A903 /* Frameworks */ = {
			isa = PBXFrameworksBuildPhase;
			buildActionMask = 2147483647;
			files = (
			);
			runOnlyForDeploymentPostprocessing = 0;
		};
/* End PBXFrameworksBuildPhase section */

/* Begin PBXGroup section */
		631FFDE61AF3353000B5A903 = {
			isa = PBXGroup;
			children = (
				631FFDF11AF3353000B5A903 /* ColorgySideMenu */,
				631FFE071AF3353000B5A903 /* ColorgySideMenuTests */,
				631FFDF01AF3353000B5A903 /* Products */,
			);
			sourceTree = "<group>";
		};
		631FFDF01AF3353000B5A903 /* Products */ = {
			isa = PBXGroup;
			children = (
				631FFDEF1AF3353000B5A903 /* ColorgySideMenu.app */,
				631FFE041AF3353000B5A903 /* ColorgySideMenuTests.xctest */,
			);
			name = Products;
			sourceTree = "<group>";
		};
		631FFDF11AF3353000B5A903 /* ColorgySideMenu */ = {
			isa = PBXGroup;
			children = (
				631FFDF41AF3353000B5A903 /* AppDelegate.swift */,
				631FFDF61AF3353000B5A903 /* ViewController.swift */,
				631FFDF81AF3353000B5A903 /* Main.storyboard */,
				631FFDFB1AF3353000B5A903 /* Images.xcassets */,
				631FFDFD1AF3353000B5A903 /* LaunchScreen.xib */,
				631FFDF21AF3353000B5A903 /* Supporting Files */,
			);
			path = ColorgySideMenu;
			sourceTree = "<group>";
		};
		631FFDF21AF3353000B5A903 /* Supporting Files */ = {
			isa = PBXGroup;
			children = (
				631FFDF31AF3353000B5A903 /* Info.plist */,
			);
			name = "Supporting Files";
			sourceTree = "<group>";
		};
		631FFE071AF3353000B5A903 /* ColorgySideMenuTests */ = {
			isa = PBXGroup;
			children = (
				631FFE0A1AF3353000B5A903 /* ColorgySideMenuTests.swift */,
				631FFE081AF3353000B5A903 /* Supporting Files */,
			);
			path = ColorgySideMenuTests;
			sourceTree = "<group>";
		};
		631FFE081AF3353000B5A903 /* Supporting Files */ = {
			isa = PBXGroup;
			children = (
				631FFE091AF3353000B5A903 /* Info.plist */,
			);
			name = "Supporting Files";
			sourceTree = "<group>";
		};
/* End PBXGroup section */

/* Begin PBXNativeTarget section */
		631FFDEE1AF3353000B5A903 /* ColorgySideMenu */ = {
			isa = PBXNativeTarget;
			buildConfigurationList = 631FFE0E1AF3353000B5A903 /* Build configuration list for PBXNativeTarget "ColorgySideMenu" */;
			buildPhases = (
				631FFDEB1AF3353000B5A903 /* Sources */,
				631FFDEC1AF3353000B5A903 /* Frameworks */,
				631FFDED1AF3353000B5A903 /* Resources */,
			);
			buildRules = (
			);
			dependencies = (
			);
			name = ColorgySideMenu;
			productName = ColorgySideMenu;
			productReference = 631FFDEF1AF3353000B5A903 /* ColorgySideMenu.app */;
			productType = "com.apple.product-type.application";
		};
		631FFE031AF3353000B5A903 /* ColorgySideMenuTests */ = {
			isa = PBXNativeTarget;
			buildConfigurationList = 631FFE111AF3353000B5A903 /* Build configuration list for PBXNativeTarget "ColorgySideMenuTests" */;
			buildPhases = (
				631FFE001AF3353000B5A903 /* Sources */,
				631FFE011AF3353000B5A903 /* Frameworks */,
				631FFE021AF3353000B5A903 /* Resources */,
			);
			buildRules = (
			);
			dependencies = (
				631FFE061AF3353000B5A903 /* PBXTargetDependency */,
			);
			name = ColorgySideMenuTests;
			productName = ColorgySideMenuTests;
			productReference = 631FFE041AF3353000B5A903 /* ColorgySideMenuTests.xctest */;
			productType = "com.apple.product-type.bundle.unit-test";
		};
/* End PBXNativeTarget section */

/* Begin PBXProject section */
		631FFDE71AF3353000B5A903 /* Project object */ = {
			isa = PBXProject;
			attributes = {
				LastUpgradeCheck = 0630;
				ORGANIZATIONNAME = David;
				TargetAttributes = {
					631FFDEE1AF3353000B5A903 = {
						CreatedOnToolsVersion = 6.3;
					};
					631FFE031AF3353000B5A903 = {
						CreatedOnToolsVersion = 6.3;
						TestTargetID = 631FFDEE1AF3353000B5A903;
					};
				};
			};
			buildConfigurationList = 631FFDEA1AF3353000B5A903 /* Build configuration list for PBXProject "ColorgySideMenu" */;
			compatibilityVersion = "Xcode 3.2";
			developmentRegion = English;
			hasScannedForEncodings = 0;
			knownRegions = (
				en,
				Base,
			);
			mainGroup = 631FFDE61AF3353000B5A903;
			productRefGroup = 631FFDF01AF3353000B5A903 /* Products */;
			projectDirPath = "";
			projectRoot = "";
			targets = (
				631FFDEE1AF3353000B5A903 /* ColorgySideMenu */,
				631FFE031AF3353000B5A903 /* ColorgySideMenuTests */,
			);
		};
/* End PBXProject section */

/* Begin PBXResourcesBuildPhase section */
		631FFDED1AF3353000B5A903 /* Resources */ = {
			isa = PBXResourcesBuildPhase;
			buildActionMask = 2147483647;
			files = (
				631FFDFA1AF3353000B5A903 /* Main.storyboard in Resources */,
				631FFDFF1AF3353000B5A903 /* LaunchScreen.xib in Resources */,
				631FFDFC1AF3353000B5A903 /* Images.xcassets in Resources */,
			);
			runOnlyForDeploymentPostprocessing = 0;
		};
		631FFE021AF3353000B5A903 /* Resources */ = {
			isa = PBXResourcesBuildPhase;
			buildActionMask = 2147483647;
			files = (
			);
			runOnlyForDeploymentPostprocessing = 0;
		};
/* End PBXResourcesBuildPhase section */

/* Begin PBXSourcesBuildPhase section */
		631FFDEB1AF3353000B5A903 /* Sources */ = {
			isa = PBXSourcesBuildPhase;
			buildActionMask = 2147483647;
			files = (
				631FFDF71AF3353000B5A903 /* ViewController.swift in Sources */,
				631FFDF51AF3353000B5A903 /* AppDelegate.swift in Sources */,
			);
			runOnlyForDeploymentPostprocessing = 0;
		};
		631FFE001AF3353000B5A903 /* Sources */ = {
			isa = PBXSourcesBuildPhase;
			buildActionMask = 2147483647;
			files = (
				631FFE0B1AF3353000B5A903 /* ColorgySideMenuTests.swift in Sources */,
			);
			runOnlyForDeploymentPostprocessing = 0;
		};
/* End PBXSourcesBuildPhase section */

/* Begin PBXTargetDependency section */
		631FFE061AF3353000B5A903 /* PBXTargetDependency */ = {
			isa = PBXTargetDependency;
			target = 631FFDEE1AF3353000B5A903 /* ColorgySideMenu */;
			targetProxy = 631FFE051AF3353000B5A903 /* PBXContainerItemProxy */;
		};
/* End PBXTargetDependency section */

/* Begin PBXVariantGroup section */
		631FFDF81AF3353000B5A903 /* Main.storyboard */ = {
			isa = PBXVariantGroup;
			children = (
				631FFDF91AF3353000B5A903 /* Base */,
			);
			name = Main.storyboard;
			sourceTree = "<group>";
		};
		631FFDFD1AF3353000B5A903 /* LaunchScreen.xib */ = {
			isa = PBXVariantGroup;
			children = (
				631FFDFE1AF3353000B5A903 /* Base */,
			);
			name = LaunchScreen.xib;
			sourceTree = "<group>";
		};
/* End PBXVariantGroup section */

/* Begin XCBuildConfiguration section */
		631FFE0C1AF3353000B5A903 /* Debug */ = {
			isa = XCBuildConfiguration;
			buildSettings = {
				ALWAYS_SEARCH_USER_PATHS = NO;
				CLANG_CXX_LANGUAGE_STANDARD = "gnu++0x";
				CLANG_CXX_LIBRARY = "libc++";
				CLANG_ENABLE_MODULES = YES;
				CLANG_ENABLE_OBJC_ARC = YES;
				CLANG_WARN_BOOL_CONVERSION = YES;
				CLANG_WARN_CONSTANT_CONVERSION = YES;
				CLANG_WARN_DIRECT_OBJC_ISA_USAGE = YES_ERROR;
				CLANG_WARN_EMPTY_BODY = YES;
				CLANG_WARN_ENUM_CONVERSION = YES;
				CLANG_WARN_INT_CONVERSION = YES;
				CLANG_WARN_OBJC_ROOT_CLASS = YES_ERROR;
				CLANG_WARN_UNREACHABLE_CODE = YES;
				CLANG_WARN__DUPLICATE_METHOD_MATCH = YES;
				"CODE_SIGN_IDENTITY[sdk=iphoneos*]" = "iPhone Developer";
				COPY_PHASE_STRIP = NO;
				DEBUG_INFORMATION_FORMAT = "dwarf-with-dsym";
				ENABLE_STRICT_OBJC_MSGSEND = YES;
				GCC_C_LANGUAGE_STANDARD = gnu99;
				GCC_DYNAMIC_NO_PIC = NO;
				GCC_NO_COMMON_BLOCKS = YES;
				GCC_OPTIMIZATION_LEVEL = 0;
				GCC_PREPROCESSOR_DEFINITIONS = (
					"DEBUG=1",
					"$(inherited)",
				);
				GCC_SYMBOLS_PRIVATE_EXTERN = NO;
				GCC_WARN_64_TO_32_BIT_CONVERSION = YES;
				GCC_WARN_ABOUT_RETURN_TYPE = YES_ERROR;
				GCC_WARN_UNDECLARED_SELECTOR = YES;
				GCC_WARN_UNINITIALIZED_AUTOS = YES_AGGRESSIVE;
				GCC_WARN_UNUSED_FUNCTION = YES;
				GCC_WARN_UNUSED_VARIABLE = YES;
				IPHONEOS_DEPLOYMENT_TARGET = 8.3;
				MTL_ENABLE_DEBUG_INFO = YES;
				ONLY_ACTIVE_ARCH = YES;
				SDKROOT = iphoneos;
				SWIFT_OPTIMIZATION_LEVEL = "-Onone";
				TARGETED_DEVICE_FAMILY = "1,2";
			};
			name = Debug;
		};
		631FFE0D1AF3353000B5A903 /* Release */ = {
			isa = XCBuildConfiguration;
			buildSettings = {
				ALWAYS_SEARCH_USER_PATHS = NO;
				CLANG_CXX_LANGUAGE_STANDARD = "gnu++0x";
				CLANG_CXX_LIBRARY = "libc++";
				CLANG_ENABLE_MODULES = YES;
				CLANG_ENABLE_OBJC_ARC = YES;
				CLANG_WARN_BOOL_CONVERSION = YES;
				CLANG_WARN_CONSTANT_CONVERSION = YES;
				CLANG_WARN_DIRECT_OBJC_ISA_USAGE = YES_ERROR;
				CLANG_WARN_EMPTY_BODY = YES;
				CLANG_WARN_ENUM_CONVERSION = YES;
				CLANG_WARN_INT_CONVERSION = YES;
				CLANG_WARN_OBJC_ROOT_CLASS = YES_ERROR;
				CLANG_WARN_UNREACHABLE_CODE = YES;
				CLANG_WARN__DUPLICATE_METHOD_MATCH = YES;
				"CODE_SIGN_IDENTITY[sdk=iphoneos*]" = "iPhone Developer";
				COPY_PHASE_STRIP = NO;
				DEBUG_INFORMATION_FORMAT = "dwarf-with-dsym";
				ENABLE_NS_ASSERTIONS = NO;
				ENABLE_STRICT_OBJC_MSGSEND = YES;
				GCC_C_LANGUAGE_STANDARD = gnu99;
				GCC_NO_COMMON_BLOCKS = YES;
				GCC_WARN_64_TO_32_BIT_CONVERSION = YES;
				GCC_WARN_ABOUT_RETURN_TYPE = YES_ERROR;
				GCC_WARN_UNDECLARED_SELECTOR = YES;
				GCC_WARN_UNINITIALIZED_AUTOS = YES_AGGRESSIVE;
				GCC_WARN_UNUSED_FUNCTION = YES;
				GCC_WARN_UNUSED_VARIABLE = YES;
				IPHONEOS_DEPLOYMENT_TARGET = 8.3;
				MTL_ENABLE_DEBUG_INFO = NO;
				SDKROOT = iphoneos;
				TARGETED_DEVICE_FAMILY = "1,2";
				VALIDATE_PRODUCT = YES;
			};
			name = Release;
		};
		631FFE0F1AF3353000B5A903 /* Debug */ = {
			isa = XCBuildConfiguration;
			buildSettings = {
				ASSETCATALOG_COMPILER_APPICON_NAME = AppIcon;
				INFOPLIST_FILE = ColorgySideMenu/Info.plist;
				LD_RUNPATH_SEARCH_PATHS = "$(inherited) @executable_path/Frameworks";
				PRODUCT_NAME = "$(TARGET_NAME)";
			};
			name = Debug;
		};
		631FFE101AF3353000B5A903 /* Release */ = {
			isa = XCBuildConfiguration;
			buildSettings = {
				ASSETCATALOG_COMPILER_APPICON_NAME = AppIcon;
				INFOPLIST_FILE = ColorgySideMenu/Info.plist;
				LD_RUNPATH_SEARCH_PATHS = "$(inherited) @executable_path/Frameworks";
				PRODUCT_NAME = "$(TARGET_NAME)";
			};
			name = Release;
		};
		631FFE121AF3353000B5A903 /* Debug */ = {
			isa = XCBuildConfiguration;
			buildSettings = {
				BUNDLE_LOADER = "$(TEST_HOST)";
				FRAMEWORK_SEARCH_PATHS = (
					"$(SDKROOT)/Developer/Library/Frameworks",
					"$(inherited)",
				);
				GCC_PREPROCESSOR_DEFINITIONS = (
					"DEBUG=1",
					"$(inherited)",
				);
				INFOPLIST_FILE = ColorgySideMenuTests/Info.plist;
				LD_RUNPATH_SEARCH_PATHS = "$(inherited) @executable_path/Frameworks @loader_path/Frameworks";
				PRODUCT_NAME = "$(TARGET_NAME)";
				TEST_HOST = "$(BUILT_PRODUCTS_DIR)/ColorgySideMenu.app/ColorgySideMenu";
			};
			name = Debug;
		};
		631FFE131AF3353000B5A903 /* Release */ = {
			isa = XCBuildConfiguration;
			buildSettings = {
				BUNDLE_LOADER = "$(TEST_HOST)";
				FRAMEWORK_SEARCH_PATHS = (
					"$(SDKROOT)/Developer/Library/Frameworks",
					"$(inherited)",
				);
				INFOPLIST_FILE = ColorgySideMenuTests/Info.plist;
				LD_RUNPATH_SEARCH_PATHS = "$(inherited) @executable_path/Frameworks @loader_path/Frameworks";
				PRODUCT_NAME = "$(TARGET_NAME)";
				TEST_HOST = "$(BUILT_PRODUCTS_DIR)/ColorgySideMenu.app/ColorgySideMenu";
			};
			name = Release;
		};
/* End XCBuildConfiguration section */

/* Begin XCConfigurationList section */
		631FFDEA1AF3353000B5A903 /* Build configuration list for PBXProject "ColorgySideMenu" */ = {
			isa = XCConfigurationList;
			buildConfigurations = (
				631FFE0C1AF3353000B5A903 /* Debug */,
				631FFE0D1AF3353000B5A903 /* Release */,
			);
			defaultConfigurationIsVisible = 0;
			defaultConfigurationName = Release;
		};
		631FFE0E1AF3353000B5A903 /* Build configuration list for PBXNativeTarget "ColorgySideMenu" */ = {
			isa = XCConfigurationList;
			buildConfigurations = (
				631FFE0F1AF3353000B5A903 /* Debug */,
				631FFE101AF3353000B5A903 /* Release */,
			);
			defaultConfigurationIsVisible = 0;
		};
		631FFE111AF3353000B5A903 /* Build configuration list for PBXNativeTarget "ColorgySideMenuTests" */ = {
			isa = XCConfigurationList;
			buildConfigurations = (
				631FFE121AF3353000B5A903 /* Debug */,
				631FFE131AF3353000B5A903 /* Release */,
			);
			defaultConfigurationIsVisible = 0;
		};
/* End XCConfigurationList section */
	};
	rootObject = 631FFDE71AF3353000B5A903 /* Project object */;
}
